Microsoft Visual Studio Solution File, Format Version 11.00
# Visual Studio 2010
Project("{8BC9CEB8-8B4A-11D0-8D11-00A0C91BC942}") = "lnhdr", "lnhdr.vcxproj", "{DA834E24-AADF-4F4B-B71E-70B59C13C17C}"
EndProject
Project("{54435603-DBB4-11D2-8724-00A0C9A8B90C}") = "lnhdrInst", "lnhdrInst.vdproj", "{55A722F9-EF7D-46E2-9507-E1459F8D0408}"
	ProjectSection(ProjectDependencies) = postProject
		{DA834E24-AADF-4F4B-B71E-70B59C13C17C} = {DA834E24-AADF-4F4B-B71E-70B59C13C17C}
		{2C6440A9-5B0B-4E8A-9256-980175E96DBA} = {2C6440A9-5B0B-4E8A-9256-980175E96DBA}
	EndProjectSection
EndProject
Project("{8BC9CEB8-8B4A-11D0-8D11-00A0C91BC942}") = "insthelp", "insthelp.vcxproj", "{2C6440A9-5B0B-4E8A-9256-980175E96DBA}"
EndProject
Project("{54435603-DBB4-11D2-8724-00A0C9A8B90C}") = "lnhdrInst_x64", "lnhdrInst_x64.vdproj", "{27B407B5-D0D0-4C57-BC7E-019857421579}"
EndProject
Project("{54435603-DBB4-11D2-8724-00A0C9A8B90C}") = "lnhdrInst-en", "lnhdrInst-en.vdproj", "{567204F5-4ED7-4A5B-9DD8-9A12F801A1F4}"
EndProject
Project("{54435603-DBB4-11D2-8724-00A0C9A8B90C}") = "lnhdrInst_x64-en", "lnhdrInst_x64-en.vdproj", "{48E82454-52DF-4940-9A44-9B2CFA810E6C}"
EndProject
Project("{FAE04EC0-301F-11D3-BF4B-00C04F79EFBC}") = "lnhdrlink", "lnhdrlink\lnhdrlink.csproj", "{21115327-8A71-4D9C-9F1D-3200A300A042}"
EndProject
Project("{8BC9CEB8-8B4A-11D0-8D11-00A0C91BC942}") = "LnhdrlinkLaunchTest", "LnhdrlinkLaunchTest\LnhdrlinkLaunchTest.vcxproj", "{7320BE3A-E8BC-4BBA-BC4D-4228A493E76E}"
EndProject
Global
	GlobalSection(SolutionConfigurationPlatforms) = preSolution
		Debug|Mixed Platforms = Debug|Mixed Platforms
		Debug|Win32 = Debug|Win32
		Debug|x64 = Debug|x64
		Debug|x86 = Debug|x86
		Release|Mixed Platforms = Release|Mixed Platforms
		Release|Win32 = Release|Win32
		Release|x64 = Release|x64
		Release|x86 = Release|x86
	EndGlobalSection
	GlobalSection(ProjectConfigurationPlatforms) = postSolution
		{DA834E24-AADF-4F4B-B71E-70B59C13C17C}.Debug|Mixed Platforms.ActiveCfg = Debug|x64
		{DA834E24-AADF-4F4B-B71E-70B59C13C17C}.Debug|Mixed Platforms.Build.0 = Debug|x64
		{DA834E24-AADF-4F4B-B71E-70B59C13C17C}.Debug|Win32.ActiveCfg = Debug|Win32
		{DA834E24-AADF-4F4B-B71E-70B59C13C17C}.Debug|Win32.Build.0 = Debug|Win32
		{DA834E24-AADF-4F4B-B71E-70B59C13C17C}.Debug|x64.ActiveCfg = Debug|x64
		{DA834E24-AADF-4F4B-B71E-70B59C13C17C}.Debug|x64.Build.0 = Debug|x64
		{DA834E24-AADF-4F4B-B71E-70B59C13C17C}.Debug|x86.ActiveCfg = Debug|x64
		{DA834E24-AADF-4F4B-B71E-70B59C13C17C}.Release|Mixed Platforms.ActiveCfg = Release|x64
		{DA834E24-AADF-4F4B-B71E-70B59C13C17C}.Release|Mixed Platforms.Build.0 = Release|x64
		{DA834E24-AADF-4F4B-B71E-70B59C13C17C}.Release|Win32.ActiveCfg = Release|Win32
		{DA834E24-AADF-4F4B-B71E-70B59C13C17C}.Release|Win32.Build.0 = Release|Win32
		{DA834E24-AADF-4F4B-B71E-70B59C13C17C}.Release|x64.ActiveCfg = Release|x64
		{DA834E24-AADF-4F4B-B71E-70B59C13C17C}.Release|x64.Build.0 = Release|x64
		{DA834E24-AADF-4F4B-B71E-70B59C13C17C}.Release|x86.ActiveCfg = Release|x64
		{55A722F9-EF7D-46E2-9507-E1459F8D0408}.Debug|Mixed Platforms.ActiveCfg = Debug
		{55A722F9-EF7D-46E2-9507-E1459F8D0408}.Debug|Mixed Platforms.Build.0 = Debug
		{55A722F9-EF7D-46E2-9507-E1459F8D0408}.Debug|Win32.ActiveCfg = Debug
		{55A722F9-EF7D-46E2-9507-E1459F8D0408}.Debug|Win32.Build.0 = Debug
		{55A722F9-EF7D-46E2-9507-E1459F8D0408}.Debug|x64.ActiveCfg = Debug
		{55A722F9-EF7D-46E2-9507-E1459F8D0408}.Debug|x86.ActiveCfg = Debug
		{55A722F9-EF7D-46E2-9507-E1459F8D0408}.Debug|x86.Build.0 = Debug
		{55A722F9-EF7D-46E2-9507-E1459F8D0408}.Release|Mixed Platforms.ActiveCfg = Release
		{55A722F9-EF7D-46E2-9507-E1459F8D0408}.Release|Mixed Platforms.Build.0 = Release
		{55A722F9-EF7D-46E2-9507-E1459F8D0408}.Release|Win32.ActiveCfg = Release
		{55A722F9-EF7D-46E2-9507-E1459F8D0408}.Release|Win32.Build.0 = Release
		{55A722F9-EF7D-46E2-9507-E1459F8D0408}.Release|x64.ActiveCfg = Release
		{55A722F9-EF7D-46E2-9507-E1459F8D0408}.Release|x86.ActiveCfg = Release
		{55A722F9-EF7D-46E2-9507-E1459F8D0408}.Release|x86.Build.0 = Release
		{2C6440A9-5B0B-4E8A-9256-980175E96DBA}.Debug|Mixed Platforms.ActiveCfg = Debug|x64
		{2C6440A9-5B0B-4E8A-9256-980175E96DBA}.Debug|Mixed Platforms.Build.0 = Debug|x64
		{2C6440A9-5B0B-4E8A-9256-980175E96DBA}.Debug|Win32.ActiveCfg = Debug|Win32
		{2C6440A9-5B0B-4E8A-9256-980175E96DBA}.Debug|Win32.Build.0 = Debug|Win32
		{2C6440A9-5B0B-4E8A-9256-980175E96DBA}.Debug|x64.ActiveCfg = Debug|x64
		{2C6440A9-5B0B-4E8A-9256-980175E96DBA}.Debug|x64.Build.0 = Debug|x64
		{2C6440A9-5B0B-4E8A-9256-980175E96DBA}.Debug|x86.ActiveCfg = Debug|x64
		{2C6440A9-5B0B-4E8A-9256-980175E96DBA}.Release|Mixed Platforms.ActiveCfg = Release|x64
		{2C6440A9-5B0B-4E8A-9256-980175E96DBA}.Release|Mixed Platforms.Build.0 = Release|x64
		{2C6440A9-5B0B-4E8A-9256-980175E96DBA}.Release|Win32.ActiveCfg = Release|Win32
		{2C6440A9-5B0B-4E8A-9256-980175E96DBA}.Release|Win32.Build.0 = Release|Win32
		{2C6440A9-5B0B-4E8A-9256-980175E96DBA}.Release|x64.ActiveCfg = Release|x64
		{2C6440A9-5B0B-4E8A-9256-980175E96DBA}.Release|x64.Build.0 = Release|x64
		{2C6440A9-5B0B-4E8A-9256-980175E96DBA}.Release|x86.ActiveCfg = Release|x64
		{27B407B5-D0D0-4C57-BC7E-019857421579}.Debug|Mixed Platforms.ActiveCfg = Debug
		{27B407B5-D0D0-4C57-BC7E-019857421579}.Debug|Mixed Platforms.Build.0 = Debug
		{27B407B5-D0D0-4C57-BC7E-019857421579}.Debug|Win32.ActiveCfg = Debug
		{27B407B5-D0D0-4C57-BC7E-019857421579}.Debug|x64.ActiveCfg = Debug
		{27B407B5-D0D0-4C57-BC7E-019857421579}.Debug|x64.Build.0 = Debug
		{27B407B5-D0D0-4C57-BC7E-019857421579}.Debug|x86.ActiveCfg = Debug
		{27B407B5-D0D0-4C57-BC7E-019857421579}.Debug|x86.Build.0 = Debug
		{27B407B5-D0D0-4C57-BC7E-019857421579}.Release|Mixed Platforms.ActiveCfg = Release
		{27B407B5-D0D0-4C57-BC7E-019857421579}.Release|Mixed Platforms.Build.0 = Release
		{27B407B5-D0D0-4C57-BC7E-019857421579}.Release|Win32.ActiveCfg = Release
		{27B407B5-D0D0-4C57-BC7E-019857421579}.Release|x64.ActiveCfg = Release
		{27B407B5-D0D0-4C57-BC7E-019857421579}.Release|x64.Build.0 = Release
		{27B407B5-D0D0-4C57-BC7E-019857421579}.Release|x86.ActiveCfg = Release
		{27B407B5-D0D0-4C57-BC7E-019857421579}.Release|x86.Build.0 = Release
		{567204F5-4ED7-4A5B-9DD8-9A12F801A1F4}.Debug|Mixed Platforms.ActiveCfg = Debug
		{567204F5-4ED7-4A5B-9DD8-9A12F801A1F4}.Debug|Mixed Platforms.Build.0 = Debug
		{567204F5-4ED7-4A5B-9DD8-9A12F801A1F4}.Debug|Win32.ActiveCfg = Debug
		{567204F5-4ED7-4A5B-9DD8-9A12F801A1F4}.Debug|Win32.Build.0 = Debug
		{567204F5-4ED7-4A5B-9DD8-9A12F801A1F4}.Debug|x64.ActiveCfg = Debug
		{567204F5-4ED7-4A5B-9DD8-9A12F801A1F4}.Debug|x86.ActiveCfg = Debug
		{567204F5-4ED7-4A5B-9DD8-9A12F801A1F4}.Debug|x86.Build.0 = Debug
		{567204F5-4ED7-4A5B-9DD8-9A12F801A1F4}.Release|Mixed Platforms.ActiveCfg = Release
		{567204F5-4ED7-4A5B-9DD8-9A12F801A1F4}.Release|Mixed Platforms.Build.0 = Release
		{567204F5-4ED7-4A5B-9DD8-9A12F801A1F4}.Release|Win32.ActiveCfg = Release
		{567204F5-4ED7-4A5B-9DD8-9A12F801A1F4}.Release|Win32.Build.0 = Release
		{567204F5-4ED7-4A5B-9DD8-9A12F801A1F4}.Release|x64.ActiveCfg = Release
		{567204F5-4ED7-4A5B-9DD8-9A12F801A1F4}.Release|x86.ActiveCfg = Release
		{567204F5-4ED7-4A5B-9DD8-9A12F801A1F4}.Release|x86.Build.0 = Release
		{48E82454-52DF-4940-9A44-9B2CFA810E6C}.Debug|Mixed Platforms.ActiveCfg = Debug
		{48E82454-52DF-4940-9A44-9B2CFA810E6C}.Debug|Mixed Platforms.Build.0 = Debug
		{48E82454-52DF-4940-9A44-9B2CFA810E6C}.Debug|Win32.ActiveCfg = Debug
		{48E82454-52DF-4940-9A44-9B2CFA810E6C}.Debug|x64.ActiveCfg = Debug
		{48E82454-52DF-4940-9A44-9B2CFA810E6C}.Debug|x64.Build.0 = Debug
		{48E82454-52DF-4940-9A44-9B2CFA810E6C}.Debug|x86.ActiveCfg = Debug
		{48E82454-52DF-4940-9A44-9B2CFA810E6C}.Debug|x86.Build.0 = Debug
		{48E82454-52DF-4940-9A44-9B2CFA810E6C}.Release|Mixed Platforms.ActiveCfg = Release
		{48E82454-52DF-4940-9A44-9B2CFA810E6C}.Release|Mixed Platforms.Build.0 = Release
		{48E82454-52DF-4940-9A44-9B2CFA810E6C}.Release|Win32.ActiveCfg = Release
		{48E82454-52DF-4940-9A44-9B2CFA810E6C}.Release|x64.ActiveCfg = Release
		{48E82454-52DF-4940-9A44-9B2CFA810E6C}.Release|x64.Build.0 = Release
		{48E82454-52DF-4940-9A44-9B2CFA810E6C}.Release|x86.ActiveCfg = Release
		{48E82454-52DF-4940-9A44-9B2CFA810E6C}.Release|x86.Build.0 = Release
		{21115327-8A71-4D9C-9F1D-3200A300A042}.Debug|Mixed Platforms.ActiveCfg = Debug|x86
		{21115327-8A71-4D9C-9F1D-3200A300A042}.Debug|Mixed Platforms.Build.0 = Debug|x86
		{21115327-8A71-4D9C-9F1D-3200A300A042}.Debug|Win32.ActiveCfg = Debug|x86
		{21115327-8A71-4D9C-9F1D-3200A300A042}.Debug|x64.ActiveCfg = Debug|x86
		{21115327-8A71-4D9C-9F1D-3200A300A042}.Debug|x86.ActiveCfg = Debug|x86
		{21115327-8A71-4D9C-9F1D-3200A300A042}.Debug|x86.Build.0 = Debug|x86
		{21115327-8A71-4D9C-9F1D-3200A300A042}.Release|Mixed Platforms.ActiveCfg = Release|x64
		{21115327-8A71-4D9C-9F1D-3200A300A042}.Release|Mixed Platforms.Build.0 = Release|x64
		{21115327-8A71-4D9C-9F1D-3200A300A042}.Release|Win32.ActiveCfg = Release|x86
		{21115327-8A71-4D9C-9F1D-3200A300A042}.Release|x64.ActiveCfg = Release|x64
		{21115327-8A71-4D9C-9F1D-3200A300A042}.Release|x64.Build.0 = Release|x64
		{21115327-8A71-4D9C-9F1D-3200A300A042}.Release|x86.ActiveCfg = Release|x86
		{21115327-8A71-4D9C-9F1D-3200A300A042}.Release|x86.Build.0 = Release|x86
		{7320BE3A-E8BC-4BBA-BC4D-4228A493E76E}.Debug|Mixed Platforms.ActiveCfg = Debug|Win32
		{7320BE3A-E8BC-4BBA-BC4D-4228A493E76E}.Debug|Mixed Platforms.Build.0 = Debug|Win32
		{7320BE3A-E8BC-4BBA-BC4D-4228A493E76E}.Debug|Win32.ActiveCfg = Debug|Win32
		{7320BE3A-E8BC-4BBA-BC4D-4228A493E76E}.Debug|Win32.Build.0 = Debug|Win32
		{7320BE3A-E8BC-4BBA-BC4D-4228A493E76E}.Debug|x64.ActiveCfg = Debug|Win32
		{7320BE3A-E8BC-4BBA-BC4D-4228A493E76E}.Debug|x86.ActiveCfg = Debug|Win32
		{7320BE3A-E8BC-4BBA-BC4D-4228A493E76E}.Release|Mixed Platforms.ActiveCfg = Release|Win32
		{7320BE3A-E8BC-4BBA-BC4D-4228A493E76E}.Release|Mixed Platforms.Build.0 = Release|Win32
		{7320BE3A-E8BC-4BBA-BC4D-4228A493E76E}.Release|Win32.ActiveCfg = Release|Win32
		{7320BE3A-E8BC-4BBA-BC4D-4228A493E76E}.Release|Win32.Build.0 = Release|Win32
		{7320BE3A-E8BC-4BBA-BC4D-4228A493E76E}.Release|x64.ActiveCfg = Release|x64
		{7320BE3A-E8BC-4BBA-BC4D-4228A493E76E}.Release|x86.ActiveCfg = Release|Win32
	EndGlobalSection
	GlobalSection(SolutionProperties) = preSolution
		HideSolutionNode = FALSE
	EndGlobalSection
EndGlobal
