<?xml version="1.0" encoding="utf-8"?>
<Project ToolsVersion="4.0" xmlns="http://schemas.microsoft.com/developer/msbuild/2003">
  <ItemGroup>
    <Filter Include="Source Files">
      <UniqueIdentifier>{cb14afe5-aee5-4fa9-a260-25c65292f77e}</UniqueIdentifier>
      <Extensions>cpp;c;cxx;def;odl;idl;hpj;bat;asm</Extensions>
    </Filter>
    <Filter Include="Header Files">
      <UniqueIdentifier>{21aa0f3d-24d4-4717-ae31-d264cc6822bc}</UniqueIdentifier>
      <Extensions>h;hpp;hxx;hm;inl;inc</Extensions>
    </Filter>
    <Filter Include="Resource Files">
      <UniqueIdentifier>{dc1a47be-fea1-4d23-8d86-e8125d801377}</UniqueIdentifier>
      <Extensions>rc;ico;cur;bmp;dlg;rc2;rct;bin;rgs;gif;jpg;jpeg;jpe</Extensions>
    </Filter>
  </ItemGroup>
  <ItemGroup>
    <ClCompile Include="..\src\link.cpp">
      <Filter>Source Files</Filter>
    </ClCompile>
    <ClCompile Include="..\src\lnhdr.cpp">
      <Filter>Source Files</Filter>
    </ClCompile>
    <ClCompile Include="..\src\md5.cpp">
      <Filter>Source Files</Filter>
    </ClCompile>
    <ClCompile Include="..\src\stdafx.cpp">
      <Filter>Source Files</Filter>
    </ClCompile>
    <ClCompile Include="..\src\SymlinkCtxMenu.cpp">
      <Filter>Source Files</Filter>
    </ClCompile>
    <ClCompile Include="..\src\SymlinkHdrExt.cpp">
      <Filter>Source Files</Filter>
    </ClCompile>
    <ClCompile Include="..\src\utils.cpp">
      <Filter>Source Files</Filter>
    </ClCompile>
  </ItemGroup>
  <ItemGroup>
    <ClInclude Include="..\src\AboutDlg.h">
      <Filter>Source Files</Filter>
    </ClInclude>
    <ClInclude Include="..\src\utils.h">
      <Filter>Source Files</Filter>
    </ClInclude>
    <ClInclude Include="..\src\link.h">
      <Filter>Source Files</Filter>
    </ClInclude>
    <ClInclude Include="..\src\md5.h">
      <Filter>Source Files</Filter>
    </ClInclude>
    <ClInclude Include="..\src\Resource.h">
      <Filter>Source Files</Filter>
    </ClInclude>
    <ClInclude Include="..\src\rsprintf.h">
      <Filter>Source Files</Filter>
    </ClInclude>
    <ClInclude Include="..\src\stdafx.h">
      <Filter>Source Files</Filter>
    </ClInclude>
    <ClInclude Include="..\src\SymlinkCtxMenu.h">
      <Filter>Source Files</Filter>
    </ClInclude>
    <ClInclude Include="..\src\SymlinkHdrExt.h">
      <Filter>Source Files</Filter>
    </ClInclude>
  </ItemGroup>
  <ItemGroup>
    <None Include="..\src\icon1.ico">
      <Filter>Resource Files</Filter>
    </None>
    <None Include="..\src\lnhdr.rgs">
      <Filter>Resource Files</Filter>
    </None>
    <None Include="..\src\splash.bmp">
      <Filter>Resource Files</Filter>
    </None>
  </ItemGroup>
  <ItemGroup>
    <ResourceCompile Include="..\src\lnhdr.rc">
      <Filter>Resource Files</Filter>
    </ResourceCompile>
  </ItemGroup>
</Project>